
Microsoft Visual Studio Solution File, Format Version 12.00
Project("{FAE04EC0-301F-11D3-BF4B-00C04F79EFBC}") = "APBD_Tutorial8", "APBD_Tutorial8\APBD_Tutorial8.csproj", "{714241F2-FC3A-4081-AD6B-324075C5CFCC}"
EndProject
Global
	GlobalSection(SolutionConfigurationPlatforms) = preSolution
		Debug|Any CPU = Debug|Any CPU
		Release|Any CPU = Release|Any CPU
	EndGlobalSection
	GlobalSection(ProjectConfigurationPlatforms) = postSolution
		{714241F2-FC3A-4081-AD6B-324075C5CFCC}.Debug|Any CPU.ActiveCfg = Debug|Any CPU
		{714241F2-FC3A-4081-AD6B-324075C5CFCC}.Debug|Any CPU.Build.0 = Debug|Any CPU
		{714241F2-FC3A-4081-AD6B-324075C5CFCC}.Release|Any CPU.ActiveCfg = Release|Any CPU
		{714241F2-FC3A-4081-AD6B-324075C5CFCC}.Release|Any CPU.Build.0 = Release|Any CPU
	EndGlobalSection
EndGlobal
